
Microsoft Visual Studio Solution File, Format Version 12.00
# Visual Studio Version 16
VisualStudioVersion = 16.0.34031.81
MinimumVisualStudioVersion = 10.0.40219.1
Project("{2150E333-8FDC-42A3-9474-1A3956D46DE8}") = "Task0", "Task0", "{3111B825-064C-4414-83EC-7FEB22EC8CCA}"
EndProject
Project("{FAE04EC0-301F-11D3-BF4B-00C04F79EFBC}") = "Tyuiu.KonovalovaAO.Sprint3.Task0.V19.Test", "Tyuiu.KonovalovaAO.Sprint3.Task0.V19.Test\Tyuiu.KonovalovaAO.Sprint3.Task0.V19.Test.csproj", "{A1CAE964-70E1-420A-A3D1-ECEC3CAC6A31}"
EndProject
Project("{FAE04EC0-301F-11D3-BF4B-00C04F79EFBC}") = "Tyuiu.KonovalovaAO.Sprint3.Task0.V19.Lib", "Tyuiu.KonovalovaAO.Sprint3.Task0.V19.Lib\Tyuiu.KonovalovaAO.Sprint3.Task0.V19.Lib.csproj", "{98B17D29-3BDE-4DC2-94CC-3CD5294D7092}"
EndProject
Project("{FAE04EC0-301F-11D3-BF4B-00C04F79EFBC}") = "Tyuiu.KonovalovaAO.Sprint3.Task0.V19", "Tyuiu.KonovalovaAO.Sprint3.Task0.V19\Tyuiu.KonovalovaAO.Sprint3.Task0.V19.csproj", "{853253C9-C36B-4B53-8129-14B354983046}"
EndProject
Project("{2150E333-8FDC-42A3-9474-1A3956D46DE8}") = "Task1", "Task1", "{65C0E9D0-04F3-4C5D-8EBE-4E0DB5BDCA39}"
EndProject
Project("{FAE04EC0-301F-11D3-BF4B-00C04F79EFBC}") = "Tyuiu.KonovalovaAO.Sprint3.Task1.V22", "Tyuiu.KonovalovaAO.Sprint3.Task1.V22\Tyuiu.KonovalovaAO.Sprint3.Task1.V22.csproj", "{1C9AD403-37CC-4FDA-A6DD-748240EE937D}"
EndProject
Project("{FAE04EC0-301F-11D3-BF4B-00C04F79EFBC}") = "Tyuiu.KonovalovaAO.Sprint3.Task1.V22.Lib", "Tyuiu.KonovalovaAO.Sprint3.Task1.V22.Lib\Tyuiu.KonovalovaAO.Sprint3.Task1.V22.Lib.csproj", "{7FE7C393-C2B9-4501-A8C8-72E7B9B839C7}"
EndProject
Project("{FAE04EC0-301F-11D3-BF4B-00C04F79EFBC}") = "Tyuiu.KonovalovaAO.Sprint3.Task1.V22.Test", "Tyuiu.KonovalovaAO.Sprint3.Task1.V22.Test\Tyuiu.KonovalovaAO.Sprint3.Task1.V22.Test.csproj", "{6D000E42-2853-4D89-AA1D-05F84F872406}"
EndProject
Project("{2150E333-8FDC-42A3-9474-1A3956D46DE8}") = "Task2", "Task2", "{CDCAD530-534F-4779-9D83-AD60FB2B49FA}"
EndProject
Project("{FAE04EC0-301F-11D3-BF4B-00C04F79EFBC}") = "Tyuiu.KonovalovaAO.Sprint3.Task2.V15", "Tyuiu.KonovalovaAO.Sprint3.Task2.V15\Tyuiu.KonovalovaAO.Sprint3.Task2.V15.csproj", "{C3E2777C-DFA2-469C-8B2E-D3D7238E4295}"
EndProject
Project("{FAE04EC0-301F-11D3-BF4B-00C04F79EFBC}") = "Tyuiu.KonovalovaAO.Sprint3.Task2.V15.Test", "Tyuiu.KonovalovaAO.Sprint3.Task2.V15.Test\Tyuiu.KonovalovaAO.Sprint3.Task2.V15.Test.csproj", "{478388B6-20FA-401B-A4B8-C0FB6CD8A1FF}"
EndProject
Project("{FAE04EC0-301F-11D3-BF4B-00C04F79EFBC}") = "Tyuiu.KonovalovaAO.Sprint3.Task2.V15.Lib", "Tyuiu.KonovalovaAO.Sprint3.Task2.V15.Lib\Tyuiu.KonovalovaAO.Sprint3.Task2.V15.Lib.csproj", "{AA1459F8-8845-4F06-A0D7-F99E25F2DB77}"
EndProject
Project("{2150E333-8FDC-42A3-9474-1A3956D46DE8}") = "Task3", "Task3", "{B584782A-FED2-4F9F-B8F8-A04C028662A5}"
EndProject
Project("{FAE04EC0-301F-11D3-BF4B-00C04F79EFBC}") = "Tyuiu.KonovalovaAO.Sprint3.Task3.V14", "Tyuiu.KonovalovaAO.Sprint3.Task3.V14\Tyuiu.KonovalovaAO.Sprint3.Task3.V14.csproj", "{3EB6FCC4-51B7-4527-97B3-1EAE0697A1B5}"
EndProject
Project("{FAE04EC0-301F-11D3-BF4B-00C04F79EFBC}") = "Tyuiu.KonovalovaAO.Sprint3.Task3.V14.Lib", "Tyuiu.KonovalovaAO.Sprint3.Task3.V14.Lib\Tyuiu.KonovalovaAO.Sprint3.Task3.V14.Lib.csproj", "{5FE00858-CE57-47F5-89E0-116D94EBD31D}"
EndProject
Project("{FAE04EC0-301F-11D3-BF4B-00C04F79EFBC}") = "Tyuiu.KonovalovaAO.Sprint3.Task3.V14.Test", "Tyuiu.KonovalovaAO.Sprint3.Task3.V14.Test\Tyuiu.KonovalovaAO.Sprint3.Task3.V14.Test.csproj", "{789FB55F-3AE7-411C-8532-B4D0449C4CFE}"
EndProject
Project("{2150E333-8FDC-42A3-9474-1A3956D46DE8}") = "Task4", "Task4", "{344BDB8F-F109-4E03-A2EE-A5F55B22CE86}"
EndProject
Project("{FAE04EC0-301F-11D3-BF4B-00C04F79EFBC}") = "Tyuiu.KonovalovaAO.Sprint3.Task4.V11", "Tyuiu.KonovalovaAO.Sprint3.Task4.V11\Tyuiu.KonovalovaAO.Sprint3.Task4.V11.csproj", "{C6A2D1F1-A407-443C-863C-72E71EC2AC2A}"
EndProject
Project("{FAE04EC0-301F-11D3-BF4B-00C04F79EFBC}") = "Tyuiu.KonovalovaAO.Sprint3.Task4.V11.Lib", "Tyuiu.KonovalovaAO.Sprint3.Task4.V11.Lib\Tyuiu.KonovalovaAO.Sprint3.Task4.V11.Lib.csproj", "{EE9FA9C9-B474-4271-A1C5-97594387BEAB}"
EndProject
Project("{FAE04EC0-301F-11D3-BF4B-00C04F79EFBC}") = "Tyuiu.KonovalovaAO.Sprint3.Task4.V11.Test", "Tyuiu.KonovalovaAO.Sprint3.Task4.V11.Test\Tyuiu.KonovalovaAO.Sprint3.Task4.V11.Test.csproj", "{B5AE9283-C46D-49A0-941D-5DE246AFF331}"
EndProject
Project("{2150E333-8FDC-42A3-9474-1A3956D46DE8}") = "Task5", "Task5", "{A2FE502C-EC8C-4267-A6E5-8334992BC8AE}"
EndProject
Project("{FAE04EC0-301F-11D3-BF4B-00C04F79EFBC}") = "Tyuiu.KonovalovaAO.Sprint3.Task5.V19", "Tyuiu.KonovalovaAO.Sprint3.Task5.V19\Tyuiu.KonovalovaAO.Sprint3.Task5.V19.csproj", "{8D005663-2875-4566-BF9A-BFEFD4572D2D}"
EndProject
Project("{FAE04EC0-301F-11D3-BF4B-00C04F79EFBC}") = "Tyuiu.KonovalovaAO.Sprint3.Task5.V19.Lib", "Tyuiu.KonovalovaAO.Sprint3.Task5.V19.Lib\Tyuiu.KonovalovaAO.Sprint3.Task5.V19.Lib.csproj", "{EAEB2D3E-7BC4-4851-8278-373B17378CF6}"
EndProject
Project("{FAE04EC0-301F-11D3-BF4B-00C04F79EFBC}") = "Tyuiu.KonovalovaAO.Sprint3.Task5.V19.Test", "Tyuiu.KonovalovaAO.Sprint3.Task5.V19.Test\Tyuiu.KonovalovaAO.Sprint3.Task5.V19.Test.csproj", "{9795FBBB-6A36-4A50-98E5-3203849A6664}"
EndProject
Global
	GlobalSection(SolutionConfigurationPlatforms) = preSolution
		Debug|Any CPU = Debug|Any CPU
		Release|Any CPU = Release|Any CPU
	EndGlobalSection
	GlobalSection(ProjectConfigurationPlatforms) = postSolution
		{A1CAE964-70E1-420A-A3D1-ECEC3CAC6A31}.Debug|Any CPU.ActiveCfg = Debug|Any CPU
		{A1CAE964-70E1-420A-A3D1-ECEC3CAC6A31}.Debug|Any CPU.Build.0 = Debug|Any CPU
		{A1CAE964-70E1-420A-A3D1-ECEC3CAC6A31}.Release|Any CPU.ActiveCfg = Release|Any CPU
		{A1CAE964-70E1-420A-A3D1-ECEC3CAC6A31}.Release|Any CPU.Build.0 = Release|Any CPU
		{98B17D29-3BDE-4DC2-94CC-3CD5294D7092}.Debug|Any CPU.ActiveCfg = Debug|Any CPU
		{98B17D29-3BDE-4DC2-94CC-3CD5294D7092}.Debug|Any CPU.Build.0 = Debug|Any CPU
		{98B17D29-3BDE-4DC2-94CC-3CD5294D7092}.Release|Any CPU.ActiveCfg = Release|Any CPU
		{98B17D29-3BDE-4DC2-94CC-3CD5294D7092}.Release|Any CPU.Build.0 = Release|Any CPU
		{853253C9-C36B-4B53-8129-14B354983046}.Debug|Any CPU.ActiveCfg = Debug|Any CPU
		{853253C9-C36B-4B53-8129-14B354983046}.Debug|Any CPU.Build.0 = Debug|Any CPU
		{853253C9-C36B-4B53-8129-14B354983046}.Release|Any CPU.ActiveCfg = Release|Any CPU
		{853253C9-C36B-4B53-8129-14B354983046}.Release|Any CPU.Build.0 = Release|Any CPU
		{1C9AD403-37CC-4FDA-A6DD-748240EE937D}.Debug|Any CPU.ActiveCfg = Debug|Any CPU
		{1C9AD403-37CC-4FDA-A6DD-748240EE937D}.Debug|Any CPU.Build.0 = Debug|Any CPU
		{1C9AD403-37CC-4FDA-A6DD-748240EE937D}.Release|Any CPU.ActiveCfg = Release|Any CPU
		{1C9AD403-37CC-4FDA-A6DD-748240EE937D}.Release|Any CPU.Build.0 = Release|Any CPU
		{7FE7C393-C2B9-4501-A8C8-72E7B9B839C7}.Debug|Any CPU.ActiveCfg = Debug|Any CPU
		{7FE7C393-C2B9-4501-A8C8-72E7B9B839C7}.Debug|Any CPU.Build.0 = Debug|Any CPU
		{7FE7C393-C2B9-4501-A8C8-72E7B9B839C7}.Release|Any CPU.ActiveCfg = Release|Any CPU
		{7FE7C393-C2B9-4501-A8C8-72E7B9B839C7}.Release|Any CPU.Build.0 = Release|Any CPU
		{6D000E42-2853-4D89-AA1D-05F84F872406}.Debug|Any CPU.ActiveCfg = Debug|Any CPU
		{6D000E42-2853-4D89-AA1D-05F84F872406}.Debug|Any CPU.Build.0 = Debug|Any CPU
		{6D000E42-2853-4D89-AA1D-05F84F872406}.Release|Any CPU.ActiveCfg = Release|Any CPU
		{6D000E42-2853-4D89-AA1D-05F84F872406}.Release|Any CPU.Build.0 = Release|Any CPU
		{C3E2777C-DFA2-469C-8B2E-D3D7238E4295}.Debug|Any CPU.ActiveCfg = Debug|Any CPU
		{C3E2777C-DFA2-469C-8B2E-D3D7238E4295}.Debug|Any CPU.Build.0 = Debug|Any CPU
		{C3E2777C-DFA2-469C-8B2E-D3D7238E4295}.Release|Any CPU.ActiveCfg = Release|Any CPU
		{C3E2777C-DFA2-469C-8B2E-D3D7238E4295}.Release|Any CPU.Build.0 = Release|Any CPU
		{478388B6-20FA-401B-A4B8-C0FB6CD8A1FF}.Debug|Any CPU.ActiveCfg = Debug|Any CPU
		{478388B6-20FA-401B-A4B8-C0FB6CD8A1FF}.Debug|Any CPU.Build.0 = Debug|Any CPU
		{478388B6-20FA-401B-A4B8-C0FB6CD8A1FF}.Release|Any CPU.ActiveCfg = Release|Any CPU
		{478388B6-20FA-401B-A4B8-C0FB6CD8A1FF}.Release|Any CPU.Build.0 = Release|Any CPU
		{AA1459F8-8845-4F06-A0D7-F99E25F2DB77}.Debug|Any CPU.ActiveCfg = Debug|Any CPU
		{AA1459F8-8845-4F06-A0D7-F99E25F2DB77}.Debug|Any CPU.Build.0 = Debug|Any CPU
		{AA1459F8-8845-4F06-A0D7-F99E25F2DB77}.Release|Any CPU.ActiveCfg = Release|Any CPU
		{AA1459F8-8845-4F06-A0D7-F99E25F2DB77}.Release|Any CPU.Build.0 = Release|Any CPU
		{3EB6FCC4-51B7-4527-97B3-1EAE0697A1B5}.Debug|Any CPU.ActiveCfg = Debug|Any CPU
		{3EB6FCC4-51B7-4527-97B3-1EAE0697A1B5}.Debug|Any CPU.Build.0 = Debug|Any CPU
		{3EB6FCC4-51B7-4527-97B3-1EAE0697A1B5}.Release|Any CPU.ActiveCfg = Release|Any CPU
		{3EB6FCC4-51B7-4527-97B3-1EAE0697A1B5}.Release|Any CPU.Build.0 = Release|Any CPU
		{5FE00858-CE57-47F5-89E0-116D94EBD31D}.Debug|Any CPU.ActiveCfg = Debug|Any CPU
		{5FE00858-CE57-47F5-89E0-116D94EBD31D}.Debug|Any CPU.Build.0 = Debug|Any CPU
		{5FE00858-CE57-47F5-89E0-116D94EBD31D}.Release|Any CPU.ActiveCfg = Release|Any CPU
		{5FE00858-CE57-47F5-89E0-116D94EBD31D}.Release|Any CPU.Build.0 = Release|Any CPU
		{789FB55F-3AE7-411C-8532-B4D0449C4CFE}.Debug|Any CPU.ActiveCfg = Debug|Any CPU
		{789FB55F-3AE7-411C-8532-B4D0449C4CFE}.Debug|Any CPU.Build.0 = Debug|Any CPU
		{789FB55F-3AE7-411C-8532-B4D0449C4CFE}.Release|Any CPU.ActiveCfg = Release|Any CPU
		{789FB55F-3AE7-411C-8532-B4D0449C4CFE}.Release|Any CPU.Build.0 = Release|Any CPU
		{C6A2D1F1-A407-443C-863C-72E71EC2AC2A}.Debug|Any CPU.ActiveCfg = Debug|Any CPU
		{C6A2D1F1-A407-443C-863C-72E71EC2AC2A}.Debug|Any CPU.Build.0 = Debug|Any CPU
		{C6A2D1F1-A407-443C-863C-72E71EC2AC2A}.Release|Any CPU.ActiveCfg = Release|Any CPU
		{C6A2D1F1-A407-443C-863C-72E71EC2AC2A}.Release|Any CPU.Build.0 = Release|Any CPU
		{EE9FA9C9-B474-4271-A1C5-97594387BEAB}.Debug|Any CPU.ActiveCfg = Debug|Any CPU
		{EE9FA9C9-B474-4271-A1C5-97594387BEAB}.Debug|Any CPU.Build.0 = Debug|Any CPU
		{EE9FA9C9-B474-4271-A1C5-97594387BEAB}.Release|Any CPU.ActiveCfg = Release|Any CPU
		{EE9FA9C9-B474-4271-A1C5-97594387BEAB}.Release|Any CPU.Build.0 = Release|Any CPU
		{B5AE9283-C46D-49A0-941D-5DE246AFF331}.Debug|Any CPU.ActiveCfg = Debug|Any CPU
		{B5AE9283-C46D-49A0-941D-5DE246AFF331}.Debug|Any CPU.Build.0 = Debug|Any CPU
		{B5AE9283-C46D-49A0-941D-5DE246AFF331}.Release|Any CPU.ActiveCfg = Release|Any CPU
		{B5AE9283-C46D-49A0-941D-5DE246AFF331}.Release|Any CPU.Build.0 = Release|Any CPU
		{8D005663-2875-4566-BF9A-BFEFD4572D2D}.Debug|Any CPU.ActiveCfg = Debug|Any CPU
		{8D005663-2875-4566-BF9A-BFEFD4572D2D}.Debug|Any CPU.Build.0 = Debug|Any CPU
		{8D005663-2875-4566-BF9A-BFEFD4572D2D}.Release|Any CPU.ActiveCfg = Release|Any CPU
		{8D005663-2875-4566-BF9A-BFEFD4572D2D}.Release|Any CPU.Build.0 = Release|Any CPU
		{EAEB2D3E-7BC4-4851-8278-373B17378CF6}.Debug|Any CPU.ActiveCfg = Debug|Any CPU
		{EAEB2D3E-7BC4-4851-8278-373B17378CF6}.Debug|Any CPU.Build.0 = Debug|Any CPU
		{EAEB2D3E-7BC4-4851-8278-373B17378CF6}.Release|Any CPU.ActiveCfg = Release|Any CPU
		{EAEB2D3E-7BC4-4851-8278-373B17378CF6}.Release|Any CPU.Build.0 = Release|Any CPU
		{9795FBBB-6A36-4A50-98E5-3203849A6664}.Debug|Any CPU.ActiveCfg = Debug|Any CPU
		{9795FBBB-6A36-4A50-98E5-3203849A6664}.Debug|Any CPU.Build.0 = Debug|Any CPU
		{9795FBBB-6A36-4A50-98E5-3203849A6664}.Release|Any CPU.ActiveCfg = Release|Any CPU
		{9795FBBB-6A36-4A50-98E5-3203849A6664}.Release|Any CPU.Build.0 = Release|Any CPU
	EndGlobalSection
	GlobalSection(SolutionProperties) = preSolution
		HideSolutionNode = FALSE
	EndGlobalSection
	GlobalSection(NestedProjects) = preSolution
		{A1CAE964-70E1-420A-A3D1-ECEC3CAC6A31} = {3111B825-064C-4414-83EC-7FEB22EC8CCA}
		{98B17D29-3BDE-4DC2-94CC-3CD5294D7092} = {3111B825-064C-4414-83EC-7FEB22EC8CCA}
		{853253C9-C36B-4B53-8129-14B354983046} = {3111B825-064C-4414-83EC-7FEB22EC8CCA}
		{1C9AD403-37CC-4FDA-A6DD-748240EE937D} = {65C0E9D0-04F3-4C5D-8EBE-4E0DB5BDCA39}
		{7FE7C393-C2B9-4501-A8C8-72E7B9B839C7} = {65C0E9D0-04F3-4C5D-8EBE-4E0DB5BDCA39}
		{6D000E42-2853-4D89-AA1D-05F84F872406} = {65C0E9D0-04F3-4C5D-8EBE-4E0DB5BDCA39}
		{C3E2777C-DFA2-469C-8B2E-D3D7238E4295} = {CDCAD530-534F-4779-9D83-AD60FB2B49FA}
		{478388B6-20FA-401B-A4B8-C0FB6CD8A1FF} = {CDCAD530-534F-4779-9D83-AD60FB2B49FA}
		{AA1459F8-8845-4F06-A0D7-F99E25F2DB77} = {CDCAD530-534F-4779-9D83-AD60FB2B49FA}
		{3EB6FCC4-51B7-4527-97B3-1EAE0697A1B5} = {B584782A-FED2-4F9F-B8F8-A04C028662A5}
		{5FE00858-CE57-47F5-89E0-116D94EBD31D} = {B584782A-FED2-4F9F-B8F8-A04C028662A5}
		{789FB55F-3AE7-411C-8532-B4D0449C4CFE} = {B584782A-FED2-4F9F-B8F8-A04C028662A5}
		{C6A2D1F1-A407-443C-863C-72E71EC2AC2A} = {344BDB8F-F109-4E03-A2EE-A5F55B22CE86}
		{EE9FA9C9-B474-4271-A1C5-97594387BEAB} = {344BDB8F-F109-4E03-A2EE-A5F55B22CE86}
		{B5AE9283-C46D-49A0-941D-5DE246AFF331} = {344BDB8F-F109-4E03-A2EE-A5F55B22CE86}
		{8D005663-2875-4566-BF9A-BFEFD4572D2D} = {A2FE502C-EC8C-4267-A6E5-8334992BC8AE}
		{EAEB2D3E-7BC4-4851-8278-373B17378CF6} = {A2FE502C-EC8C-4267-A6E5-8334992BC8AE}
		{9795FBBB-6A36-4A50-98E5-3203849A6664} = {A2FE502C-EC8C-4267-A6E5-8334992BC8AE}
	EndGlobalSection
	GlobalSection(ExtensibilityGlobals) = postSolution
		SolutionGuid = {7AC83784-84CF-4ADC-AC4F-1BFC2A405546}
	EndGlobalSection
EndGlobal
